// !$*UTF8*$!
{
	archiveVersion = 1;
	classes = {
	};
	objectVersion = 56;
	objects = {

/* Begin PBXBuildFile section */
		F11C7CC729C7C2D3008C1486 /* StringLocalizedExtension.swift in Sources */ = {isa = PBXBuildFile; fileRef = F11C7CC629C7C2D2008C1486 /* StringLocalizedExtension.swift */; };
		F11C7CC929C8CD53008C1486 /* Unit.swift in Sources */ = {isa = PBXBuildFile; fileRef = F11C7CC829C8CD53008C1486 /* Unit.swift */; };
		F11C7CCB29C8F2DD008C1486 /* LipsumGenerator.swift in Sources */ = {isa = PBXBuildFile; fileRef = F11C7CCA29C8F2DD008C1486 /* LipsumGenerator.swift */; };
		F11C7CD329C9F21D008C1486 /* Commands.swift in Sources */ = {isa = PBXBuildFile; fileRef = F11C7CD229C9F21D008C1486 /* Commands.swift */; };
		F11C7CE829CB2C6F008C1486 /* Localizable.stringsdict in Resources */ = {isa = PBXBuildFile; fileRef = F11C7CEA29CB2C6F008C1486 /* Localizable.stringsdict */; };
		F16C907829C47E2F00CE1EFC /* Localizable.strings in Resources */ = {isa = PBXBuildFile; fileRef = F16C907A29C47E2F00CE1EFC /* Localizable.strings */; };
		F17F01BA29C74D4000AA1711 /* AppState.swift in Sources */ = {isa = PBXBuildFile; fileRef = F17F01B929C74D4000AA1711 /* AppState.swift */; };
		F1C8952329D2344B009B2537 /* TextView.swift in Sources */ = {isa = PBXBuildFile; fileRef = F1C8952229D2344B009B2537 /* TextView.swift */; };
		F1C8952C29D25C9B009B2537 /* lorem-ipsum.txt in Resources */ = {isa = PBXBuildFile; fileRef = F1C8952B29D25C9B009B2537 /* lorem-ipsum.txt */; };
		F1C8952E29D25CA6009B2537 /* liber-primus.txt in Resources */ = {isa = PBXBuildFile; fileRef = F1C8952D29D25CA6009B2537 /* liber-primus.txt */; };
		F1C8953029D25CF1009B2537 /* BundleExtension.swift in Sources */ = {isa = PBXBuildFile; fileRef = F1C8952F29D25CF1009B2537 /* BundleExtension.swift */; };
		F1C8955029D3081C009B2537 /* InfoPlist.strings in Resources */ = {isa = PBXBuildFile; fileRef = F1C8955229D3081C009B2537 /* InfoPlist.strings */; };
		F1E6A4CE29C3AA32008C264B /* LoremIpsumApp.swift in Sources */ = {isa = PBXBuildFile; fileRef = F1E6A4CD29C3AA32008C264B /* LoremIpsumApp.swift */; };
		F1E6A4D029C3AA32008C264B /* ContentView.swift in Sources */ = {isa = PBXBuildFile; fileRef = F1E6A4CF29C3AA32008C264B /* ContentView.swift */; };
		F1E6A4D229C3AA34008C264B /* Assets.xcassets in Resources */ = {isa = PBXBuildFile; fileRef = F1E6A4D129C3AA34008C264B /* Assets.xcassets */; };
		F1E6A4D529C3AA34008C264B /* Preview Assets.xcassets in Resources */ = {isa = PBXBuildFile; fileRef = F1E6A4D429C3AA34008C264B /* Preview Assets.xcassets */; };
		F1E6A4DD29C3B3BE008C264B /* PreferencesView.swift in Sources */ = {isa = PBXBuildFile; fileRef = F1E6A4DC29C3B3BE008C264B /* PreferencesView.swift */; };
/* End PBXBuildFile section */

/* Begin PBXFileReference section */
		F11C7CC629C7C2D2008C1486 /* StringLocalizedExtension.swift */ = {isa = PBXFileReference; lastKnownFileType = sourcecode.swift; path = StringLocalizedExtension.swift; sourceTree = "<group>"; };
		F11C7CC829C8CD53008C1486 /* Unit.swift */ = {isa = PBXFileReference; lastKnownFileType = sourcecode.swift; path = Unit.swift; sourceTree = "<group>"; };
		F11C7CCA29C8F2DD008C1486 /* LipsumGenerator.swift */ = {isa = PBXFileReference; lastKnownFileType = sourcecode.swift; path = LipsumGenerator.swift; sourceTree = "<group>"; };
		F11C7CD229C9F21D008C1486 /* Commands.swift */ = {isa = PBXFileReference; lastKnownFileType = sourcecode.swift; path = Commands.swift; sourceTree = "<group>"; };
		F11C7CEC29CB5B32008C1486 /* en */ = {isa = PBXFileReference; lastKnownFileType = text.plist.strings; name = en; path = en.lproj/Localizable.strings; sourceTree = "<group>"; };
		F11C7CED29CB5B3D008C1486 /* es */ = {isa = PBXFileReference; lastKnownFileType = text.plist.strings; name = es; path = es.lproj/Localizable.strings; sourceTree = "<group>"; };
		F11D6EF929CBC8E600400AC6 /* en */ = {isa = PBXFileReference; lastKnownFileType = text.plist.stringsdict; name = en; path = en.lproj/Localizable.stringsdict; sourceTree = "<group>"; };
		F11D6EFA29CBC90300400AC6 /* es */ = {isa = PBXFileReference; lastKnownFileType = text.plist.stringsdict; name = es; path = es.lproj/Localizable.stringsdict; sourceTree = "<group>"; };
		F17F01B929C74D4000AA1711 /* AppState.swift */ = {isa = PBXFileReference; lastKnownFileType = sourcecode.swift; path = AppState.swift; sourceTree = "<group>"; };
		F1C8952229D2344B009B2537 /* TextView.swift */ = {isa = PBXFileReference; lastKnownFileType = sourcecode.swift; path = TextView.swift; sourceTree = "<group>"; };
		F1C8952B29D25C9B009B2537 /* lorem-ipsum.txt */ = {isa = PBXFileReference; lastKnownFileType = text; path = "lorem-ipsum.txt"; sourceTree = "<group>"; };
		F1C8952D29D25CA6009B2537 /* liber-primus.txt */ = {isa = PBXFileReference; lastKnownFileType = text; path = "liber-primus.txt"; sourceTree = "<group>"; };
		F1C8952F29D25CF1009B2537 /* BundleExtension.swift */ = {isa = PBXFileReference; lastKnownFileType = sourcecode.swift; path = BundleExtension.swift; sourceTree = "<group>"; };
		F1C8955329D30893009B2537 /* en */ = {isa = PBXFileReference; lastKnownFileType = text.plist.strings; name = en; path = en.lproj/InfoPlist.strings; sourceTree = "<group>"; };
		F1C8955429D308A2009B2537 /* es */ = {isa = PBXFileReference; lastKnownFileType = text.plist.strings; name = es; path = es.lproj/InfoPlist.strings; sourceTree = "<group>"; };
		F1E6A4CA29C3AA32008C264B /* Lorem Ipsum.app */ = {isa = PBXFileReference; explicitFileType = wrapper.application; includeInIndex = 0; path = "Lorem Ipsum.app"; sourceTree = BUILT_PRODUCTS_DIR; };
		F1E6A4CD29C3AA32008C264B /* LoremIpsumApp.swift */ = {isa = PBXFileReference; lastKnownFileType = sourcecode.swift; path = LoremIpsumApp.swift; sourceTree = "<group>"; };
		F1E6A4CF29C3AA32008C264B /* ContentView.swift */ = {isa = PBXFileReference; lastKnownFileType = sourcecode.swift; path = ContentView.swift; sourceTree = "<group>"; };
		F1E6A4D129C3AA34008C264B /* Assets.xcassets */ = {isa = PBXFileReference; lastKnownFileType = folder.assetcatalog; path = Assets.xcassets; sourceTree = "<group>"; };
		F1E6A4D429C3AA34008C264B /* Preview Assets.xcassets */ = {isa = PBXFileReference; lastKnownFileType = folder.assetcatalog; path = "Preview Assets.xcassets"; sourceTree = "<group>"; };
		F1E6A4D629C3AA34008C264B /* Lorem Ipsum.entitlements */ = {isa = PBXFileReference; lastKnownFileType = text.plist.entitlements; path = "Lorem Ipsum.entitlements"; sourceTree = "<group>"; };
		F1E6A4DC29C3B3BE008C264B /* PreferencesView.swift */ = {isa = PBXFileReference; lastKnownFileType = sourcecode.swift; path = PreferencesView.swift; sourceTree = "<group>"; };
/* End PBXFileReference section */

/* Begin PBXFrameworksBuildPhase section */
		F1E6A4C729C3AA32008C264B /* Frameworks */ = {
			isa = PBXFrameworksBuildPhase;
			buildActionMask = 2147483647;
			files = (
			);
			runOnlyForDeploymentPostprocessing = 0;
		};
/* End PBXFrameworksBuildPhase section */

/* Begin PBXGroup section */
		F11C7CCE29C8F355008C1486 /* LipsumGenerator */ = {
			isa = PBXGroup;
			children = (
				F11C7CCA29C8F2DD008C1486 /* LipsumGenerator.swift */,
				F1C8952B29D25C9B009B2537 /* lorem-ipsum.txt */,
				F1C8952D29D25CA6009B2537 /* liber-primus.txt */,
			);
			path = LipsumGenerator;
			sourceTree = "<group>";
		};
		F11C7CCF29C8F370008C1486 /* Views */ = {
			isa = PBXGroup;
			children = (
				F1E6A4CF29C3AA32008C264B /* ContentView.swift */,
				F1E6A4DC29C3B3BE008C264B /* PreferencesView.swift */,
				F11C7CD229C9F21D008C1486 /* Commands.swift */,
				F1C8952229D2344B009B2537 /* TextView.swift */,
			);
			path = Views;
			sourceTree = "<group>";
		};
		F1E6A4C129C3AA32008C264B = {
			isa = PBXGroup;
			children = (
				F1E6A4CC29C3AA32008C264B /* Lorem Ipsum */,
				F1E6A4CB29C3AA32008C264B /* Products */,
			);
			sourceTree = "<group>";
		};
		F1E6A4CB29C3AA32008C264B /* Products */ = {
			isa = PBXGroup;
			children = (
				F1E6A4CA29C3AA32008C264B /* Lorem Ipsum.app */,
			);
			name = Products;
			sourceTree = "<group>";
		};
		F1E6A4CC29C3AA32008C264B /* Lorem Ipsum */ = {
			isa = PBXGroup;
			children = (
				F1E6A4CD29C3AA32008C264B /* LoremIpsumApp.swift */,
				F11C7CCF29C8F370008C1486 /* Views */,
				F11C7CCE29C8F355008C1486 /* LipsumGenerator */,
				F17F01B929C74D4000AA1711 /* AppState.swift */,
				F11C7CC829C8CD53008C1486 /* Unit.swift */,
				F1C8952F29D25CF1009B2537 /* BundleExtension.swift */,
				F11C7CC629C7C2D2008C1486 /* StringLocalizedExtension.swift */,
				F1E6A4D129C3AA34008C264B /* Assets.xcassets */,
				F1C8955229D3081C009B2537 /* InfoPlist.strings */,
				F11C7CEA29CB2C6F008C1486 /* Localizable.stringsdict */,
				F16C907A29C47E2F00CE1EFC /* Localizable.strings */,
				F1E6A4D629C3AA34008C264B /* Lorem Ipsum.entitlements */,
				F1E6A4D329C3AA34008C264B /* Preview Content */,
			);
			path = "Lorem Ipsum";
			sourceTree = "<group>";
		};
		F1E6A4D329C3AA34008C264B /* Preview Content */ = {
			isa = PBXGroup;
			children = (
				F1E6A4D429C3AA34008C264B /* Preview Assets.xcassets */,
			);
			path = "Preview Content";
			sourceTree = "<group>";
		};
/* End PBXGroup section */

/* Begin PBXNativeTarget section */
		F1E6A4C929C3AA32008C264B /* Lorem Ipsum */ = {
			isa = PBXNativeTarget;
			buildConfigurationList = F1E6A4D929C3AA34008C264B /* Build configuration list for PBXNativeTarget "Lorem Ipsum" */;
			buildPhases = (
				F1E6A4C629C3AA32008C264B /* Sources */,
				F1E6A4C729C3AA32008C264B /* Frameworks */,
				F1E6A4C829C3AA32008C264B /* Resources */,
			);
			buildRules = (
			);
			dependencies = (
			);
			name = "Lorem Ipsum";
			packageProductDependencies = (
			);
			productName = "Lorem Ipsum";
			productReference = F1E6A4CA29C3AA32008C264B /* Lorem Ipsum.app */;
			productType = "com.apple.product-type.application";
		};
/* End PBXNativeTarget section */

/* Begin PBXProject section */
		F1E6A4C229C3AA32008C264B /* Project object */ = {
			isa = PBXProject;
			attributes = {
				BuildIndependentTargetsInParallel = 1;
				LastSwiftUpdateCheck = 1420;
				LastUpgradeCheck = 1430;
				TargetAttributes = {
					F1E6A4C929C3AA32008C264B = {
						CreatedOnToolsVersion = 14.2;
					};
				};
			};
			buildConfigurationList = F1E6A4C529C3AA32008C264B /* Build configuration list for PBXProject "Lorem Ipsum" */;
			compatibilityVersion = "Xcode 14.0";
			developmentRegion = en;
			hasScannedForEncodings = 0;
			knownRegions = (
				en,
				es,
				Base,
			);
			mainGroup = F1E6A4C129C3AA32008C264B;
			productRefGroup = F1E6A4CB29C3AA32008C264B /* Products */;
			projectDirPath = "";
			projectRoot = "";
			targets = (
				F1E6A4C929C3AA32008C264B /* Lorem Ipsum */,
			);
		};
/* End PBXProject section */

/* Begin PBXResourcesBuildPhase section */
		F1E6A4C829C3AA32008C264B /* Resources */ = {
			isa = PBXResourcesBuildPhase;
			buildActionMask = 2147483647;
			files = (
				F1E6A4D529C3AA34008C264B /* Preview Assets.xcassets in Resources */,
				F1C8955029D3081C009B2537 /* InfoPlist.strings in Resources */,
				F1C8952C29D25C9B009B2537 /* lorem-ipsum.txt in Resources */,
				F16C907829C47E2F00CE1EFC /* Localizable.strings in Resources */,
				F1C8952E29D25CA6009B2537 /* liber-primus.txt in Resources */,
				F11C7CE829CB2C6F008C1486 /* Localizable.stringsdict in Resources */,
				F1E6A4D229C3AA34008C264B /* Assets.xcassets in Resources */,
			);
			runOnlyForDeploymentPostprocessing = 0;
		};
/* End PBXResourcesBuildPhase section */

/* Begin PBXSourcesBuildPhase section */
		F1E6A4C629C3AA32008C264B /* Sources */ = {
			isa = PBXSourcesBuildPhase;
			buildActionMask = 2147483647;
			files = (
				F1E6A4D029C3AA32008C264B /* ContentView.swift in Sources */,
				F11C7CCB29C8F2DD008C1486 /* LipsumGenerator.swift in Sources */,
				F1E6A4DD29C3B3BE008C264B /* PreferencesView.swift in Sources */,
				F11C7CC729C7C2D3008C1486 /* StringLocalizedExtension.swift in Sources */,
				F11C7CC929C8CD53008C1486 /* Unit.swift in Sources */,
				F17F01BA29C74D4000AA1711 /* AppState.swift in Sources */,
				F11C7CD329C9F21D008C1486 /* Commands.swift in Sources */,
				F1E6A4CE29C3AA32008C264B /* LoremIpsumApp.swift in Sources */,
				F1C8952329D2344B009B2537 /* TextView.swift in Sources */,
				F1C8953029D25CF1009B2537 /* BundleExtension.swift in Sources */,
			);
			runOnlyForDeploymentPostprocessing = 0;
		};
/* End PBXSourcesBuildPhase section */

/* Begin PBXVariantGroup section */
		F11C7CEA29CB2C6F008C1486 /* Localizable.stringsdict */ = {
			isa = PBXVariantGroup;
			children = (
				F11D6EF929CBC8E600400AC6 /* en */,
				F11D6EFA29CBC90300400AC6 /* es */,
			);
			name = Localizable.stringsdict;
			sourceTree = "<group>";
		};
		F16C907A29C47E2F00CE1EFC /* Localizable.strings */ = {
			isa = PBXVariantGroup;
			children = (
				F11C7CEC29CB5B32008C1486 /* en */,
				F11C7CED29CB5B3D008C1486 /* es */,
			);
			name = Localizable.strings;
			sourceTree = "<group>";
		};
		F1C8955229D3081C009B2537 /* InfoPlist.strings */ = {
			isa = PBXVariantGroup;
			children = (
				F1C8955329D30893009B2537 /* en */,
				F1C8955429D308A2009B2537 /* es */,
			);
			name = InfoPlist.strings;
			sourceTree = "<group>";
		};
/* End PBXVariantGroup section */

/* Begin XCBuildConfiguration section */
		F1E6A4D729C3AA34008C264B /* Debug */ = {
			isa = XCBuildConfiguration;
			buildSettings = {
				ALWAYS_SEARCH_USER_PATHS = NO;
				CLANG_ANALYZER_LOCALIZABILITY_NONLOCALIZED = YES;
				CLANG_ANALYZER_NONNULL = YES;
				CLANG_ANALYZER_NUMBER_OBJECT_CONVERSION = YES_AGGRESSIVE;
				CLANG_CXX_LANGUAGE_STANDARD = "gnu++20";
				CLANG_ENABLE_MODULES = YES;
				CLANG_ENABLE_OBJC_ARC = YES;
				CLANG_ENABLE_OBJC_WEAK = YES;
				CLANG_WARN_BLOCK_CAPTURE_AUTORELEASING = YES;
				CLANG_WARN_BOOL_CONVERSION = YES;
				CLANG_WARN_COMMA = YES;
				CLANG_WARN_CONSTANT_CONVERSION = YES;
				CLANG_WARN_DEPRECATED_OBJC_IMPLEMENTATIONS = YES;
				CLANG_WARN_DIRECT_OBJC_ISA_USAGE = YES_ERROR;
				CLANG_WARN_DOCUMENTATION_COMMENTS = YES;
				CLANG_WARN_EMPTY_BODY = YES;
				CLANG_WARN_ENUM_CONVERSION = YES;
				CLANG_WARN_INFINITE_RECURSION = YES;
				CLANG_WARN_INT_CONVERSION = YES;
				CLANG_WARN_NON_LITERAL_NULL_CONVERSION = YES;
				CLANG_WARN_OBJC_IMPLICIT_RETAIN_SELF = YES;
				CLANG_WARN_OBJC_LITERAL_CONVERSION = YES;
				CLANG_WARN_OBJC_ROOT_CLASS = YES_ERROR;
				CLANG_WARN_QUOTED_INCLUDE_IN_FRAMEWORK_HEADER = YES;
				CLANG_WARN_RANGE_LOOP_ANALYSIS = YES;
				CLANG_WARN_STRICT_PROTOTYPES = YES;
				CLANG_WARN_SUSPICIOUS_MOVE = YES;
				CLANG_WARN_UNGUARDED_AVAILABILITY = YES_AGGRESSIVE;
				CLANG_WARN_UNREACHABLE_CODE = YES;
				CLANG_WARN__DUPLICATE_METHOD_MATCH = YES;
				COPY_PHASE_STRIP = NO;
				DEAD_CODE_STRIPPING = YES;
				DEBUG_INFORMATION_FORMAT = dwarf;
				ENABLE_STRICT_OBJC_MSGSEND = YES;
				ENABLE_TESTABILITY = YES;
				GCC_C_LANGUAGE_STANDARD = gnu11;
				GCC_DYNAMIC_NO_PIC = NO;
				GCC_NO_COMMON_BLOCKS = YES;
				GCC_OPTIMIZATION_LEVEL = 0;
				GCC_PREPROCESSOR_DEFINITIONS = (
					"DEBUG=1",
					"$(inherited)",
				);
				GCC_WARN_64_TO_32_BIT_CONVERSION = YES;
				GCC_WARN_ABOUT_RETURN_TYPE = YES_ERROR;
				GCC_WARN_UNDECLARED_SELECTOR = YES;
				GCC_WARN_UNINITIALIZED_AUTOS = YES_AGGRESSIVE;
				GCC_WARN_UNUSED_FUNCTION = YES;
				GCC_WARN_UNUSED_VARIABLE = YES;
				MACOSX_DEPLOYMENT_TARGET = 13.0;
				MTL_ENABLE_DEBUG_INFO = INCLUDE_SOURCE;
				MTL_FAST_MATH = YES;
				ONLY_ACTIVE_ARCH = YES;
				SDKROOT = macosx;
				SWIFT_ACTIVE_COMPILATION_CONDITIONS = DEBUG;
				SWIFT_OPTIMIZATION_LEVEL = "-Onone";
			};
			name = Debug;
		};
		F1E6A4D829C3AA34008C264B /* Release */ = {
			isa = XCBuildConfiguration;
			buildSettings = {
				ALWAYS_SEARCH_USER_PATHS = NO;
				CLANG_ANALYZER_LOCALIZABILITY_NONLOCALIZED = YES;
				CLANG_ANALYZER_NONNULL = YES;
				CLANG_ANALYZER_NUMBER_OBJECT_CONVERSION = YES_AGGRESSIVE;
				CLANG_CXX_LANGUAGE_STANDARD = "gnu++20";
				CLANG_ENABLE_MODULES = YES;
				CLANG_ENABLE_OBJC_ARC = YES;
				CLANG_ENABLE_OBJC_WEAK = YES;
				CLANG_WARN_BLOCK_CAPTURE_AUTORELEASING = YES;
				CLANG_WARN_BOOL_CONVERSION = YES;
				CLANG_WARN_COMMA = YES;
				CLANG_WARN_CONSTANT_CONVERSION = YES;
				CLANG_WARN_DEPRECATED_OBJC_IMPLEMENTATIONS = YES;
				CLANG_WARN_DIRECT_OBJC_ISA_USAGE = YES_ERROR;
				CLANG_WARN_DOCUMENTATION_COMMENTS = YES;
				CLANG_WARN_EMPTY_BODY = YES;
				CLANG_WARN_ENUM_CONVERSION = YES;
				CLANG_WARN_INFINITE_RECURSION = YES;
				CLANG_WARN_INT_CONVERSION = YES;
				CLANG_WARN_NON_LITERAL_NULL_CONVERSION = YES;
				CLANG_WARN_OBJC_IMPLICIT_RETAIN_SELF = YES;
				CLANG_WARN_OBJC_LITERAL_CONVERSION = YES;
				CLANG_WARN_OBJC_ROOT_CLASS = YES_ERROR;
				CLANG_WARN_QUOTED_INCLUDE_IN_FRAMEWORK_HEADER = YES;
				CLANG_WARN_RANGE_LOOP_ANALYSIS = YES;
				CLANG_WARN_STRICT_PROTOTYPES = YES;
				CLANG_WARN_SUSPICIOUS_MOVE = YES;
				CLANG_WARN_UNGUARDED_AVAILABILITY = YES_AGGRESSIVE;
				CLANG_WARN_UNREACHABLE_CODE = YES;
				CLANG_WARN__DUPLICATE_METHOD_MATCH = YES;
				COPY_PHASE_STRIP = NO;
				DEAD_CODE_STRIPPING = YES;
				DEBUG_INFORMATION_FORMAT = "dwarf-with-dsym";
				ENABLE_NS_ASSERTIONS = NO;
				ENABLE_STRICT_OBJC_MSGSEND = YES;
				GCC_C_LANGUAGE_STANDARD = gnu11;
				GCC_NO_COMMON_BLOCKS = YES;
				GCC_WARN_64_TO_32_BIT_CONVERSION = YES;
				GCC_WARN_ABOUT_RETURN_TYPE = YES_ERROR;
				GCC_WARN_UNDECLARED_SELECTOR = YES;
				GCC_WARN_UNINITIALIZED_AUTOS = YES_AGGRESSIVE;
				GCC_WARN_UNUSED_FUNCTION = YES;
				GCC_WARN_UNUSED_VARIABLE = YES;
				MACOSX_DEPLOYMENT_TARGET = 13.0;
				MTL_ENABLE_DEBUG_INFO = NO;
				MTL_FAST_MATH = YES;
				SDKROOT = macosx;
				SWIFT_COMPILATION_MODE = wholemodule;
				SWIFT_OPTIMIZATION_LEVEL = "-O";
			};
			name = Release;
		};
		F1E6A4DA29C3AA34008C264B /* Debug */ = {
			isa = XCBuildConfiguration;
			buildSettings = {
				ASSETCATALOG_COMPILER_APPICON_NAME = AppIcon;
				ASSETCATALOG_COMPILER_GLOBAL_ACCENT_COLOR_NAME = AccentColor;
				CODE_SIGN_ENTITLEMENTS = "Lorem Ipsum/Lorem Ipsum.entitlements";
				CODE_SIGN_STYLE = Automatic;
				COMBINE_HIDPI_IMAGES = YES;
				CURRENT_PROJECT_VERSION = 1;
				DEAD_CODE_STRIPPING = YES;
				DEVELOPMENT_ASSET_PATHS = "\"Lorem Ipsum/Preview Content\"";
				DEVELOPMENT_TEAM = 2AVV44AJY6;
				ENABLE_HARDENED_RUNTIME = YES;
				ENABLE_PREVIEWS = YES;
				GENERATE_INFOPLIST_FILE = YES;
				INFOPLIST_KEY_CFBundleDisplayName = "Lorem Ipsum";
				INFOPLIST_KEY_LSApplicationCategoryType = "public.app-category.developer-tools";
				INFOPLIST_KEY_NSHumanReadableCopyright = "Copyright © 2023 Otero Díaz. All rights reserved.";
				LD_RUNPATH_SEARCH_PATHS = (
					"$(inherited)",
					"@executable_path/../Frameworks",
				);
				MACOSX_DEPLOYMENT_TARGET = 13.0;
				MARKETING_VERSION = 1.0.1;
				PRODUCT_BUNDLE_IDENTIFIER = com.oterodiaz.LoremIpsum;
				PRODUCT_NAME = "$(TARGET_NAME)";
				SWIFT_EMIT_LOC_STRINGS = YES;
				SWIFT_VERSION = 5.0;
			};
			name = Debug;
		};
		F1E6A4DB29C3AA34008C264B /* Release */ = {
			isa = XCBuildConfiguration;
			buildSettings = {
				ASSETCATALOG_COMPILER_APPICON_NAME = AppIcon;
				ASSETCATALOG_COMPILER_GLOBAL_ACCENT_COLOR_NAME = AccentColor;
				CODE_SIGN_ENTITLEMENTS = "Lorem Ipsum/Lorem Ipsum.entitlements";
				CODE_SIGN_STYLE = Automatic;
				COMBINE_HIDPI_IMAGES = YES;
				CURRENT_PROJECT_VERSION = 1;
				DEAD_CODE_STRIPPING = YES;
				DEVELOPMENT_ASSET_PATHS = "\"Lorem Ipsum/Preview Content\"";
				DEVELOPMENT_TEAM = 2AVV44AJY6;
				ENABLE_HARDENED_RUNTIME = YES;
				ENABLE_PREVIEWS = YES;
				GENERATE_INFOPLIST_FILE = YES;
				INFOPLIST_KEY_CFBundleDisplayName = "Lorem Ipsum";
				INFOPLIST_KEY_LSApplicationCategoryType = "public.app-category.developer-tools";
				INFOPLIST_KEY_NSHumanReadableCopyright = "Copyright © 2023 Otero Díaz. All rights reserved.";
				LD_RUNPATH_SEARCH_PATHS = (
					"$(inherited)",
					"@executable_path/../Frameworks",
				);
				MACOSX_DEPLOYMENT_TARGET = 13.0;
				MARKETING_VERSION = 1.0.1;
				PRODUCT_BUNDLE_IDENTIFIER = com.oterodiaz.LoremIpsum;
				PRODUCT_NAME = "$(TARGET_NAME)";
				SWIFT_EMIT_LOC_STRINGS = YES;
				SWIFT_VERSION = 5.0;
			};
			name = Release;
		};
/* End XCBuildConfiguration section */

/* Begin XCConfigurationList section */
		F1E6A4C529C3AA32008C264B /* Build configuration list for PBXProject "Lorem Ipsum" */ = {
			isa = XCConfigurationList;
			buildConfigurations = (
				F1E6A4D729C3AA34008C264B /* Debug */,
				F1E6A4D829C3AA34008C264B /* Release */,
			);
			defaultConfigurationIsVisible = 0;
			defaultConfigurationName = Release;
		};
		F1E6A4D929C3AA34008C264B /* Build configuration list for PBXNativeTarget "Lorem Ipsum" */ = {
			isa = XCConfigurationList;
			buildConfigurations = (
				F1E6A4DA29C3AA34008C264B /* Debug */,
				F1E6A4DB29C3AA34008C264B /* Release */,
			);
			defaultConfigurationIsVisible = 0;
			defaultConfigurationName = Release;
		};
/* End XCConfigurationList section */
	};
	rootObject = F1E6A4C229C3AA32008C264B /* Project object */;
}
